{
  "version": 4,
  "terraform_version": "1.6.0",
  "serial": 12,
  "lineage": "a1b2c3d4-e5f6-7890-abcd-ef1234567890",
  "outputs": {
    "bucket_arn": {
      "value": "arn:aws:s3:::my-app-bucket",
      "type": "string"
    }
  },
  "resources": [
    {
      "mode": "managed",
      "type": "aws_s3_bucket",
      "name": "app",
      "provider": "provider[\"registry.terraform.io/hashicorp/aws\"]",
      "instances": [
        {
          "schema_version": 0,
          "attributes": {
            "id": "my-app-bucket",
            "bucket": "my-app-bucket",
            "region": "us-east-1",
            "arn": "arn:aws:s3:::my-app-bucket",
            "tags": {
              "Environment": "prod",
              "Team": "platform"
            }
          },
          "dependencies": []
        }
      ]
    },
    {
      "mode": "managed",
      "type": "aws_iam_role",
      "name": "app_role",
      "provider": "provider[\"registry.terraform.io/hashicorp/aws\"]",
      "instances": [
        {
          "schema_version": 0,
          "attributes": {
            "id": "app-iam-role",
            "name": "app-iam-role",
            "arn": "arn:aws:iam::123456789012:role/app-iam-role",
            "assume_role_policy": "{\"Version\":\"2012-10-17\"}"
          },
          "dependencies": [
            "aws_s3_bucket.app"
          ]
        }
      ]
    },
    {
      "module": "module.networking",
      "mode": "managed",
      "type": "aws_vpc",
      "name": "main",
      "provider": "provider[\"registry.terraform.io/hashicorp/aws\"]",
      "instances": [
        {
          "schema_version": 1,
          "attributes": {
            "id": "vpc-0abc123def456789",
            "cidr_block": "10.0.0.0/16",
            "tags": {
              "Name": "main-vpc"
            }
          },
          "dependencies": [
            "aws_s3_bucket.app",
            "aws_iam_role.app_role"
          ]
        }
      ]
    }
  ]
}
